
Microsoft Visual Studio Solution File, Format Version 12.00
# Visual Studio 15
VisualStudioVersion = 15.0.28010.2050
MinimumVisualStudioVersion = 10.0.40219.1
Project("{8BC9CEB8-8B4A-11D0-8D11-00A0C91BC942}") = "MapLdr", "MapLdr\MapLdr.vcxproj", "{E6B2AA24-4E08-4E32-8E73-1BD352101181}"
EndProject
Global
	GlobalSection(SolutionConfigurationPlatforms) = preSolution
		Debug|x64 = Debug|x64
		Debug|x86 = Debug|x86
		Release|x64 = Release|x64
		Release|x86 = Release|x86
	EndGlobalSection
	GlobalSection(ProjectConfigurationPlatforms) = postSolution
		{E6B2AA24-4E08-4E32-8E73-1BD352101181}.Debug|x64.ActiveCfg = Debug|x64
		{E6B2AA24-4E08-4E32-8E73-1BD352101181}.Debug|x64.Build.0 = Debug|x64
		{E6B2AA24-4E08-4E32-8E73-1BD352101181}.Debug|x86.ActiveCfg = Debug|Win32
		{E6B2AA24-4E08-4E32-8E73-1BD352101181}.Debug|x86.Build.0 = Debug|Win32
		{E6B2AA24-4E08-4E32-8E73-1BD352101181}.Release|x64.ActiveCfg = Release|x64
		{E6B2AA24-4E08-4E32-8E73-1BD352101181}.Release|x64.Build.0 = Release|x64
		{E6B2AA24-4E08-4E32-8E73-1BD352101181}.Release|x86.ActiveCfg = Release|Win32
		{E6B2AA24-4E08-4E32-8E73-1BD352101181}.Release|x86.Build.0 = Release|Win32
	EndGlobalSection
	GlobalSection(SolutionProperties) = preSolution
		HideSolutionNode = FALSE
	EndGlobalSection
	GlobalSection(ExtensibilityGlobals) = postSolution
		SolutionGuid = {6F0FF264-A7E8-41F0-BE64-7BAEC5D7C6C9}
	EndGlobalSection
EndGlobal
